
Microsoft Visual Studio Solution File, Format Version 12.00
# Visual Studio Version 16
VisualStudioVersion = 16.0.31515.178
MinimumVisualStudioVersion = 10.0.40219.1
Project("{FAE04EC0-301F-11D3-BF4B-00C04F79EFBC}") = "TeamGithub", "TeamGithub\TeamGithub.csproj", "{96A1D977-A9DD-4051-93A4-63800DA8769A}"
EndProject
Global
	GlobalSection(SolutionConfigurationPlatforms) = preSolution
		Debug|Any CPU = Debug|Any CPU
		Release|Any CPU = Release|Any CPU
	EndGlobalSection
	GlobalSection(ProjectConfigurationPlatforms) = postSolution
		{96A1D977-A9DD-4051-93A4-63800DA8769A}.Debug|Any CPU.ActiveCfg = Debug|Any CPU
		{96A1D977-A9DD-4051-93A4-63800DA8769A}.Debug|Any CPU.Build.0 = Debug|Any CPU
		{96A1D977-A9DD-4051-93A4-63800DA8769A}.Release|Any CPU.ActiveCfg = Release|Any CPU
		{96A1D977-A9DD-4051-93A4-63800DA8769A}.Release|Any CPU.Build.0 = Release|Any CPU
	EndGlobalSection
	GlobalSection(SolutionProperties) = preSolution
		HideSolutionNode = FALSE
	EndGlobalSection
	GlobalSection(ExtensibilityGlobals) = postSolution
		SolutionGuid = {AF797B95-D794-4183-BC90-86AD5602596D}
	EndGlobalSection
EndGlobal
